
Microsoft Visual Studio Solution File, Format Version 12.00
# Visual Studio Version 17
VisualStudioVersion = 17.11.35312.102
MinimumVisualStudioVersion = 10.0.40219.1
Project("{FAE04EC0-301F-11D3-BF4B-00C04F79EFBC}") = "FindTheSampleGuessingGame", "FindTheSampleGuessingGame\FindTheSampleGuessingGame.csproj", "{017C5990-09AC-44B2-9EE1-A2C62F0B4148}"
EndProject
Global
	GlobalSection(SolutionConfigurationPlatforms) = preSolution
		Debug|Any CPU = Debug|Any CPU
		Release|Any CPU = Release|Any CPU
	EndGlobalSection
	GlobalSection(ProjectConfigurationPlatforms) = postSolution
		{017C5990-09AC-44B2-9EE1-A2C62F0B4148}.Debug|Any CPU.ActiveCfg = Debug|Any CPU
		{017C5990-09AC-44B2-9EE1-A2C62F0B4148}.Debug|Any CPU.Build.0 = Debug|Any CPU
		{017C5990-09AC-44B2-9EE1-A2C62F0B4148}.Release|Any CPU.ActiveCfg = Release|Any CPU
		{017C5990-09AC-44B2-9EE1-A2C62F0B4148}.Release|Any CPU.Build.0 = Release|Any CPU
	EndGlobalSection
	GlobalSection(SolutionProperties) = preSolution
		HideSolutionNode = FALSE
	EndGlobalSection
	GlobalSection(ExtensibilityGlobals) = postSolution
		SolutionGuid = {5CDE4DD7-0EF8-41FD-9137-8811C3E48B6E}
	EndGlobalSection
EndGlobal
